{
  "name": "MERN-AI-chatbot",
  "lockfileVersion": 3,
  "requires": true,
  "packages": {
    "": {
      "dependencies": {
        "@types/axios": "^0.14.4",
        "axios": "^1.7.9",
        "html-react-parser": "^5.2.2"
      }
    },
    "node_modules/@types/axios": {
      "version": "0.14.4",
      "resolved": "https://registry.npmjs.org/@types/axios/-/axios-0.14.4.tgz",
      "integrity": "sha512-9JgOaunvQdsQ/qW2OPmE5+hCeUB52lQSolecrFrthct55QekhmXEwT203s20RL+UHtCQc15y3VXpby9E7Kkh/g==",
      "deprecated": "This is a stub types definition. axios provides its own type definitions, so you do not need this installed.",
      "dependencies": {
        "axios": "*"
      }
    },
    "node_modules/asynckit": {
      "version": "0.4.0",
      "resolved": "https://registry.npmjs.org/asynckit/-/asynckit-0.4.0.tgz",
      "integrity": "sha512-Oei9OH4tRh0YqU3GxhX79dM/mwVgvbZJaSNaRk+bshkj0S5cfHcgYakreBjrHwatXKbz+IoIdYLxrKim2MjW0Q=="
    },
    "node_modules/axios": {
      "version": "1.7.9",
      "resolved": "https://registry.npmjs.org/axios/-/axios-1.7.9.tgz",
      "integrity": "sha512-LhLcE7Hbiryz8oMDdDptSrWowmB4Bl6RCt6sIJKpRB4XtVf0iEgewX3au/pJqm+Py1kCASkb/FFKjxQaLtxJvw==",
      "dependencies": {
        "follow-redirects": "^1.15.6",
        "form-data": "^4.0.0",
        "proxy-from-env": "^1.1.0"
      }
    },
    "node_modules/combined-stream": {
      "version": "1.0.8",
      "resolved": "https://registry.npmjs.org/combined-stream/-/combined-stream-1.0.8.tgz",
      "integrity": "sha512-FQN4MRfuJeHf7cBbBMJFXhKSDq+2kAArBlmRBvcvFE5BB1HZKXtSFASDhdlz9zOYwxh8lDdnvmMOe/+5cdoEdg==",
      "dependencies": {
        "delayed-stream": "~1.0.0"
      },
      "engines": {
        "node": ">= 0.8"
      }
    },
    "node_modules/delayed-stream": {
      "version": "1.0.0",
      "resolved": "https://registry.npmjs.org/delayed-stream/-/delayed-stream-1.0.0.tgz",
      "integrity": "sha512-ZySD7Nf91aLB0RxL4KGrKHBXl7Eds1DAmEdcoVawXnLD7SDhpNgtuII2aAkg7a7QS41jxPSZ17p4VdGnMHk3MQ==",
      "engines": {
        "node": ">=0.4.0"
      }
    },
    "node_modules/dom-serializer": {
      "version": "2.0.0",
      "resolved": "https://registry.npmjs.org/dom-serializer/-/dom-serializer-2.0.0.tgz",
      "integrity": "sha512-wIkAryiqt/nV5EQKqQpo3SToSOV9J0DnbJqwK7Wv/Trc92zIAYZ4FlMu+JPFW1DfGFt81ZTCGgDEabffXeLyJg==",
      "dependencies": {
        "domelementtype": "^2.3.0",
        "domhandler": "^5.0.2",
        "entities": "^4.2.0"
      },
      "funding": {
        "url": "https://github.com/cheeriojs/dom-serializer?sponsor=1"
      }
    },
    "node_modules/dom-serializer/node_modules/entities": {
      "version": "4.5.0",
      "resolved": "https://registry.npmjs.org/entities/-/entities-4.5.0.tgz",
      "integrity": "sha512-V0hjH4dGPh9Ao5p0MoRY6BVqtwCjhz6vI5LT8AJ55H+4g9/4vbHx1I54fS0XuclLhDHArPQCiMjDxjaL8fPxhw==",
      "engines": {
        "node": ">=0.12"
      },
      "funding": {
        "url": "https://github.com/fb55/entities?sponsor=1"
      }
    },
    "node_modules/domelementtype": {
      "version": "2.3.0",
      "resolved": "https://registry.npmjs.org/domelementtype/-/domelementtype-2.3.0.tgz",
      "integrity": "sha512-OLETBj6w0OsagBwdXnPdN0cnMfF9opN69co+7ZrbfPGrdpPVNBUj02spi6B1N7wChLQiPn4CSH/zJvXw56gmHw==",
      "funding": [
        {
          "type": "github",
          "url": "https://github.com/sponsors/fb55"
        }
      ]
    },
    "node_modules/domhandler": {
      "version": "5.0.3",
      "resolved": "https://registry.npmjs.org/domhandler/-/domhandler-5.0.3.tgz",
      "integrity": "sha512-cgwlv/1iFQiFnU96XXgROh8xTeetsnJiDsTc7TYCLFd9+/WNkIqPTxiM/8pSd8VIrhXGTf1Ny1q1hquVqDJB5w==",
      "dependencies": {
        "domelementtype": "^2.3.0"
      },
      "engines": {
        "node": ">= 4"
      },
      "funding": {
        "url": "https://github.com/fb55/domhandler?sponsor=1"
      }
    },
    "node_modules/domutils": {
      "version": "3.2.2",
      "resolved": "https://registry.npmjs.org/domutils/-/domutils-3.2.2.tgz",
      "integrity": "sha512-6kZKyUajlDuqlHKVX1w7gyslj9MPIXzIFiz/rGu35uC1wMi+kMhQwGhl4lt9unC9Vb9INnY9Z3/ZA3+FhASLaw==",
      "dependencies": {
        "dom-serializer": "^2.0.0",
        "domelementtype": "^2.3.0",
        "domhandler": "^5.0.3"
      },
      "funding": {
        "url": "https://github.com/fb55/domutils?sponsor=1"
      }
    },
    "node_modules/entities": {
      "version": "6.0.0",
      "resolved": "https://registry.npmjs.org/entities/-/entities-6.0.0.tgz",
      "integrity": "sha512-aKstq2TDOndCn4diEyp9Uq/Flu2i1GlLkc6XIDQSDMuaFE3OPW5OphLCyQ5SpSJZTb4reN+kTcYru5yIfXoRPw==",
      "engines": {
        "node": ">=0.12"
      },
      "funding": {
        "url": "https://github.com/fb55/entities?sponsor=1"
      }
    },
    "node_modules/follow-redirects": {
      "version": "1.15.9",
      "resolved": "https://registry.npmjs.org/follow-redirects/-/follow-redirects-1.15.9.tgz",
      "integrity": "sha512-gew4GsXizNgdoRyqmyfMHyAmXsZDk6mHkSxZFCzW9gwlbtOW44CDtYavM+y+72qD/Vq2l550kMF52DT8fOLJqQ==",
      "funding": [
        {
          "type": "individual",
          "url": "https://github.com/sponsors/RubenVerborgh"
        }
      ],
      "engines": {
        "node": ">=4.0"
      },
      "peerDependenciesMeta": {
        "debug": {
          "optional": true
        }
      }
    },
    "node_modules/form-data": {
      "version": "4.0.1",
      "resolved": "https://registry.npmjs.org/form-data/-/form-data-4.0.1.tgz",
      "integrity": "sha512-tzN8e4TX8+kkxGPK8D5u0FNmjPUjw3lwC9lSLxxoB/+GtsJG91CO8bSWy73APlgAZzZbXEYZJuxjkHH2w+Ezhw==",
      "dependencies": {
        "asynckit": "^0.4.0",
        "combined-stream": "^1.0.8",
        "mime-types": "^2.1.12"
      },
      "engines": {
        "node": ">= 6"
      }
    },
    "node_modules/html-dom-parser": {
      "version": "5.0.13",
      "resolved": "https://registry.npmjs.org/html-dom-parser/-/html-dom-parser-5.0.13.tgz",
      "integrity": "sha512-B7JonBuAfG32I7fDouUQEogBrz3jK9gAuN1r1AaXpED6dIhtg/JwiSRhjGL7aOJwRz3HU4efowCjQBaoXiREqg==",
      "dependencies": {
        "domhandler": "5.0.3",
        "htmlparser2": "10.0.0"
      }
    },
    "node_modules/html-react-parser": {
      "version": "5.2.2",
      "resolved": "https://registry.npmjs.org/html-react-parser/-/html-react-parser-5.2.2.tgz",
      "integrity": "sha512-yA5012CJGSFWYZsgYzfr6HXJgDap38/AEP4ra8Cw+WHIi2ZRDXRX/QVYdumRf1P8zKyScKd6YOrWYvVEiPfGKg==",
      "dependencies": {
        "domhandler": "5.0.3",
        "html-dom-parser": "5.0.13",
        "react-property": "2.0.2",
        "style-to-js": "1.1.16"
      },
      "peerDependencies": {
        "@types/react": "0.14 || 15 || 16 || 17 || 18 || 19",
        "react": "0.14 || 15 || 16 || 17 || 18 || 19"
      },
      "peerDependenciesMeta": {
        "@types/react": {
          "optional": true
        }
      }
    },
    "node_modules/htmlparser2": {
      "version": "10.0.0",
      "resolved": "https://registry.npmjs.org/htmlparser2/-/htmlparser2-10.0.0.tgz",
      "integrity": "sha512-TwAZM+zE5Tq3lrEHvOlvwgj1XLWQCtaaibSN11Q+gGBAS7Y1uZSWwXXRe4iF6OXnaq1riyQAPFOBtYc77Mxq0g==",
      "funding": [
        "https://github.com/fb55/htmlparser2?sponsor=1",
        {
          "type": "github",
          "url": "https://github.com/sponsors/fb55"
        }
      ],
      "dependencies": {
        "domelementtype": "^2.3.0",
        "domhandler": "^5.0.3",
        "domutils": "^3.2.1",
        "entities": "^6.0.0"
      }
    },
    "node_modules/inline-style-parser": {
      "version": "0.2.4",
      "resolved": "https://registry.npmjs.org/inline-style-parser/-/inline-style-parser-0.2.4.tgz",
      "integrity": "sha512-0aO8FkhNZlj/ZIbNi7Lxxr12obT7cL1moPfE4tg1LkX7LlLfC6DeX4l2ZEud1ukP9jNQyNnfzQVqwbwmAATY4Q=="
    },
    "node_modules/mime-db": {
      "version": "1.52.0",
      "resolved": "https://registry.npmjs.org/mime-db/-/mime-db-1.52.0.tgz",
      "integrity": "sha512-sPU4uV7dYlvtWJxwwxHD0PuihVNiE7TyAbQ5SWxDCB9mUYvOgroQOwYQQOKPJ8CIbE+1ETVlOoK1UC2nU3gYvg==",
      "engines": {
        "node": ">= 0.6"
      }
    },
    "node_modules/mime-types": {
      "version": "2.1.35",
      "resolved": "https://registry.npmjs.org/mime-types/-/mime-types-2.1.35.tgz",
      "integrity": "sha512-ZDY+bPm5zTTF+YpCrAU9nK0UgICYPT0QtT1NZWFv4s++TNkcgVaT0g6+4R2uI4MjQjzysHB1zxuWL50hzaeXiw==",
      "dependencies": {
        "mime-db": "1.52.0"
      },
      "engines": {
        "node": ">= 0.6"
      }
    },
    "node_modules/proxy-from-env": {
      "version": "1.1.0",
      "resolved": "https://registry.npmjs.org/proxy-from-env/-/proxy-from-env-1.1.0.tgz",
      "integrity": "sha512-D+zkORCbA9f1tdWRK0RaCR3GPv50cMxcrz4X8k5LTSUD1Dkw47mKJEZQNunItRTkWwgtaUSo1RVFRIG9ZXiFYg=="
    },
    "node_modules/react": {
      "version": "19.0.0",
      "resolved": "https://registry.npmjs.org/react/-/react-19.0.0.tgz",
      "integrity": "sha512-V8AVnmPIICiWpGfm6GLzCR/W5FXLchHop40W4nXBmdlEceh16rCN8O8LNWm5bh5XUX91fh7KpA+W0TgMKmgTpQ==",
      "peer": true,
      "engines": {
        "node": ">=0.10.0"
      }
    },
    "node_modules/react-property": {
      "version": "2.0.2",
      "resolved": "https://registry.npmjs.org/react-property/-/react-property-2.0.2.tgz",
      "integrity": "sha512-+PbtI3VuDV0l6CleQMsx2gtK0JZbZKbpdu5ynr+lbsuvtmgbNcS3VM0tuY2QjFNOcWxvXeHjDpy42RO+4U2rug=="
    },
    "node_modules/style-to-js": {
      "version": "1.1.16",
      "resolved": "https://registry.npmjs.org/style-to-js/-/style-to-js-1.1.16.tgz",
      "integrity": "sha512-/Q6ld50hKYPH3d/r6nr117TZkHR0w0kGGIVfpG9N6D8NymRPM9RqCUv4pRpJ62E5DqOYx2AFpbZMyCPnjQCnOw==",
      "dependencies": {
        "style-to-object": "1.0.8"
      }
    },
    "node_modules/style-to-object": {
      "version": "1.0.8",
      "resolved": "https://registry.npmjs.org/style-to-object/-/style-to-object-1.0.8.tgz",
      "integrity": "sha512-xT47I/Eo0rwJmaXC4oilDGDWLohVhR6o/xAQcPQN8q6QBuZVL8qMYL85kLmST5cPjAorwvqIA4qXTRQoYHaL6g==",
      "dependencies": {
        "inline-style-parser": "0.2.4"
      }
    }
  }
}
